
Microsoft Visual Studio Solution File, Format Version 12.00
# Visual Studio Version 16
VisualStudioVersion = 16.0.29926.136
MinimumVisualStudioVersion = 10.0.40219.1
Project("{2150E333-8FDC-42A3-9474-1A3956D46DE8}") = "Magazine", "Magazine", "{898F2281-BC27-4BA3-BE02-19A263FC0085}"
EndProject
Project("{9A19103F-16F7-4668-BE54-9A1E7A4F7556}") = "Core", "Source\Core\Core.csproj", "{92A103B3-7CA6-4A15-B1A8-850469404181}"
EndProject
Project("{9A19103F-16F7-4668-BE54-9A1E7A4F7556}") = "Magazine.Domain", "Source\Magazine.Domain\Magazine.Domain.csproj", "{082705F0-6EFD-406D-9682-FD497A6FCBBC}"
EndProject
Project("{9A19103F-16F7-4668-BE54-9A1E7A4F7556}") = "Magazine.Infrastracture", "Source\Magazine.Infrastracture\Magazine.Infrastracture.csproj", "{5D4B7C25-40B7-4565-A8E6-F19F90E1829A}"
EndProject
Project("{9A19103F-16F7-4668-BE54-9A1E7A4F7556}") = "Magazine.Tests", "Source\Magazine.Tests\Magazine.Tests.csproj", "{DDA349D4-483D-4889-9515-895F54261516}"
EndProject
Project("{9A19103F-16F7-4668-BE54-9A1E7A4F7556}") = "Magazine.API", "Source\Magazine.API\Magazine.API.csproj", "{7B1C1FB6-324E-4E17-B4C1-216E6AE1D5FA}"
EndProject
Project("{2150E333-8FDC-42A3-9474-1A3956D46DE8}") = "Docker-Compose", "Docker-Compose", "{354F4809-8632-449C-B490-0A52E99D74B0}"
	ProjectSection(SolutionItems) = preProject
		docker-compose.yml = docker-compose.yml
	EndProjectSection
EndProject
Project("{2150E333-8FDC-42A3-9474-1A3956D46DE8}") = "Magazine.Web", "Magazine.Web", "{FE77DDC4-9ABD-408F-8B8A-0CF55C22E835}"
	ProjectSection(SolutionItems) = preProject
		Source\Magazine.Web\.gitignore = Source\Magazine.Web\.gitignore
		Source\Magazine.Web\angular.json = Source\Magazine.Web\angular.json
		Source\Magazine.Web\browserslist = Source\Magazine.Web\browserslist
		Source\Magazine.Web\Dockerfile = Source\Magazine.Web\Dockerfile
		Source\Magazine.Web\nginx.conf = Source\Magazine.Web\nginx.conf
		Source\Magazine.Web\package-lock.json = Source\Magazine.Web\package-lock.json
		Source\Magazine.Web\package.json = Source\Magazine.Web\package.json
		Source\Magazine.Web\tsconfig.json = Source\Magazine.Web\tsconfig.json
		Source\Magazine.Web\tslint.json = Source\Magazine.Web\tslint.json
	EndProjectSection
EndProject
Project("{2150E333-8FDC-42A3-9474-1A3956D46DE8}") = "src", "src", "{F26EF410-D52E-4A1D-BD4C-C74E0AB067AA}"
	ProjectSection(SolutionItems) = preProject
		Source\Magazine.Web\src\index.html = Source\Magazine.Web\src\index.html
		Source\Magazine.Web\src\karma.conf.js = Source\Magazine.Web\src\karma.conf.js
		Source\Magazine.Web\src\main.ts = Source\Magazine.Web\src\main.ts
		Source\Magazine.Web\src\polyfills.ts = Source\Magazine.Web\src\polyfills.ts
		Source\Magazine.Web\src\styles.less = Source\Magazine.Web\src\styles.less
		Source\Magazine.Web\src\test.ts = Source\Magazine.Web\src\test.ts
		Source\Magazine.Web\src\tsconfig.app.json = Source\Magazine.Web\src\tsconfig.app.json
		Source\Magazine.Web\src\tsconfig.server.json = Source\Magazine.Web\src\tsconfig.server.json
		Source\Magazine.Web\src\tsconfig.spec.json = Source\Magazine.Web\src\tsconfig.spec.json
		Source\Magazine.Web\src\tslint.json = Source\Magazine.Web\src\tslint.json
	EndProjectSection
EndProject
Project("{2150E333-8FDC-42A3-9474-1A3956D46DE8}") = "environments", "environments", "{6FEDCF03-AC46-4438-AB60-D819A162C1E2}"
	ProjectSection(SolutionItems) = preProject
		Source\Magazine.Web\src\environments\environment.development.ts = Source\Magazine.Web\src\environments\environment.development.ts
		Source\Magazine.Web\src\environments\environment.production.ts = Source\Magazine.Web\src\environments\environment.production.ts
		Source\Magazine.Web\src\environments\environment.ts = Source\Magazine.Web\src\environments\environment.ts
	EndProjectSection
EndProject
Project("{2150E333-8FDC-42A3-9474-1A3956D46DE8}") = "assets", "assets", "{EC0713CF-33D9-4538-86D0-DD7FE27ECC8E}"
	ProjectSection(SolutionItems) = preProject
		Source\Magazine.Web\src\assets\.gitkeep = Source\Magazine.Web\src\assets\.gitkeep
	EndProjectSection
EndProject
Project("{2150E333-8FDC-42A3-9474-1A3956D46DE8}") = "app", "app", "{70A106B5-96F6-4ACC-B5FF-A884880925BF}"
EndProject
Project("{2150E333-8FDC-42A3-9474-1A3956D46DE8}") = "services", "services", "{13AEEF9B-6D83-4B44-B1F0-CA0DC671128A}"
EndProject
Project("{2150E333-8FDC-42A3-9474-1A3956D46DE8}") = "server-communication", "server-communication", "{89137A50-F5A9-4AEB-A070-92E031F579DD}"
	ProjectSection(SolutionItems) = preProject
		Source\Magazine.Web\src\app\services\server-communication\signalr.service.ts = Source\Magazine.Web\src\app\services\server-communication\signalr.service.ts
	EndProjectSection
EndProject
Project("{2150E333-8FDC-42A3-9474-1A3956D46DE8}") = "article", "article", "{9C20C30E-639B-4DB1-B950-1F33E88F1EA4}"
	ProjectSection(SolutionItems) = preProject
		Source\Magazine.Web\src\app\services\article\article.service.ts = Source\Magazine.Web\src\app\services\article\article.service.ts
	EndProjectSection
EndProject
Project("{2150E333-8FDC-42A3-9474-1A3956D46DE8}") = "components", "components", "{78EB9B0D-508B-40A5-83B2-A2E6E82FA80F}"
EndProject
Project("{2150E333-8FDC-42A3-9474-1A3956D46DE8}") = "models", "models", "{F47ED38E-872A-40AA-97F0-C31BE3CBC845}"
EndProject
Project("{2150E333-8FDC-42A3-9474-1A3956D46DE8}") = "modules", "modules", "{6CF8C6F6-D358-4FC8-80E6-CB9DDBE31402}"
EndProject
Project("{2150E333-8FDC-42A3-9474-1A3956D46DE8}") = "account", "account", "{DC277C21-086E-45C8-BDF3-438BF46921D6}"
	ProjectSection(SolutionItems) = preProject
		Source\Magazine.Web\src\app\models\account\account.ts = Source\Magazine.Web\src\app\models\account\account.ts
	EndProjectSection
EndProject
Project("{2150E333-8FDC-42A3-9474-1A3956D46DE8}") = "article", "article", "{F88DBFD2-4E9C-4F6A-84B8-9D5CB6C1379F}"
	ProjectSection(SolutionItems) = preProject
		Source\Magazine.Web\src\app\models\article\article.ts = Source\Magazine.Web\src\app\models\article\article.ts
	EndProjectSection
EndProject
Project("{2150E333-8FDC-42A3-9474-1A3956D46DE8}") = "comment", "comment", "{5F73A285-9434-43E7-867E-CA9D92EAFAE5}"
	ProjectSection(SolutionItems) = preProject
		Source\Magazine.Web\src\app\models\comment\comment.ts = Source\Magazine.Web\src\app\models\comment\comment.ts
	EndProjectSection
EndProject
Project("{2150E333-8FDC-42A3-9474-1A3956D46DE8}") = "app", "app", "{A2D3AF80-1702-4E0C-88BC-1349A7EAB779}"
	ProjectSection(SolutionItems) = preProject
		Source\Magazine.Web\src\app\modules\app\app.module.ts = Source\Magazine.Web\src\app\modules\app\app.module.ts
	EndProjectSection
EndProject
Project("{2150E333-8FDC-42A3-9474-1A3956D46DE8}") = "app", "app", "{CD60CC42-B414-4BFB-AB40-2DE278856EB9}"
	ProjectSection(SolutionItems) = preProject
		Source\Magazine.Web\src\app\components\app\app.component.html = Source\Magazine.Web\src\app\components\app\app.component.html
		Source\Magazine.Web\src\app\components\app\app.component.ts = Source\Magazine.Web\src\app\components\app\app.component.ts
	EndProjectSection
EndProject
Project("{2150E333-8FDC-42A3-9474-1A3956D46DE8}") = "article", "article", "{685B5812-6FDF-4D99-B49E-124713500DA9}"
EndProject
Project("{2150E333-8FDC-42A3-9474-1A3956D46DE8}") = "article-detail", "article-detail", "{C32BCEED-DFAB-499B-B03E-21D40716EC94}"
	ProjectSection(SolutionItems) = preProject
		Source\Magazine.Web\src\app\components\article\article-detail\article-detail.component.html = Source\Magazine.Web\src\app\components\article\article-detail\article-detail.component.html
		Source\Magazine.Web\src\app\components\article\article-detail\article-detail.component.less = Source\Magazine.Web\src\app\components\article\article-detail\article-detail.component.less
		Source\Magazine.Web\src\app\components\article\article-detail\article-detail.component.ts = Source\Magazine.Web\src\app\components\article\article-detail\article-detail.component.ts
	EndProjectSection
EndProject
Project("{2150E333-8FDC-42A3-9474-1A3956D46DE8}") = "article-list", "article-list", "{E4A0192E-EC35-4F4B-8911-E44610B54477}"
	ProjectSection(SolutionItems) = preProject
		Source\Magazine.Web\src\app\components\article\article-list\article-list.component.html = Source\Magazine.Web\src\app\components\article\article-list\article-list.component.html
		Source\Magazine.Web\src\app\components\article\article-list\article-list.component.less = Source\Magazine.Web\src\app\components\article\article-list\article-list.component.less
		Source\Magazine.Web\src\app\components\article\article-list\article-list.component.ts = Source\Magazine.Web\src\app\components\article\article-list\article-list.component.ts
	EndProjectSection
EndProject
Project("{2150E333-8FDC-42A3-9474-1A3956D46DE8}") = "contracts", "contracts", "{2F48F7C8-0D57-4DC6-BFB7-46849913B333}"
EndProject
Project("{2150E333-8FDC-42A3-9474-1A3956D46DE8}") = "service", "service", "{EDE7B333-85E0-4E9E-A1CB-8A489F5B8036}"
	ProjectSection(SolutionItems) = preProject
		Source\Magazine.Web\src\app\contracts\service\server-communication.service.ts = Source\Magazine.Web\src\app\contracts\service\server-communication.service.ts
	EndProjectSection
EndProject
Project("{2150E333-8FDC-42A3-9474-1A3956D46DE8}") = "component", "component", "{35814E3F-EBF5-4A10-BF64-094B9C1B7EE3}"
	ProjectSection(SolutionItems) = preProject
		Source\Magazine.Web\src\app\contracts\component\application.component.ts = Source\Magazine.Web\src\app\contracts\component\application.component.ts
	EndProjectSection
EndProject
Project("{2150E333-8FDC-42A3-9474-1A3956D46DE8}") = "event", "event", "{5B1F5031-4BF3-4F55-84D8-A7DD8A425B14}"
	ProjectSection(SolutionItems) = preProject
		Source\Magazine.Web\src\app\contracts\event\application.component.event.ts = Source\Magazine.Web\src\app\contracts\event\application.component.event.ts
		Source\Magazine.Web\src\app\contracts\event\application.component.event.type.ts = Source\Magazine.Web\src\app\contracts\event\application.component.event.type.ts
	EndProjectSection
EndProject
Project("{2150E333-8FDC-42A3-9474-1A3956D46DE8}") = "events", "events", "{6554DBB5-4BF3-4746-AB4D-70B84EA571FE}"
EndProject
Project("{2150E333-8FDC-42A3-9474-1A3956D46DE8}") = "article", "article", "{254990F5-86C7-4369-B06C-C91DECF8E4FC}"
	ProjectSection(SolutionItems) = preProject
		Source\Magazine.Web\src\app\events\article\article.component.event.ts = Source\Magazine.Web\src\app\events\article\article.component.event.ts
	EndProjectSection
EndProject
Global
	GlobalSection(SolutionConfigurationPlatforms) = preSolution
		Debug|Any CPU = Debug|Any CPU
		Release|Any CPU = Release|Any CPU
	EndGlobalSection
	GlobalSection(ProjectConfigurationPlatforms) = postSolution
		{92A103B3-7CA6-4A15-B1A8-850469404181}.Debug|Any CPU.ActiveCfg = Debug|Any CPU
		{92A103B3-7CA6-4A15-B1A8-850469404181}.Debug|Any CPU.Build.0 = Debug|Any CPU
		{92A103B3-7CA6-4A15-B1A8-850469404181}.Release|Any CPU.ActiveCfg = Release|Any CPU
		{92A103B3-7CA6-4A15-B1A8-850469404181}.Release|Any CPU.Build.0 = Release|Any CPU
		{082705F0-6EFD-406D-9682-FD497A6FCBBC}.Debug|Any CPU.ActiveCfg = Debug|Any CPU
		{082705F0-6EFD-406D-9682-FD497A6FCBBC}.Debug|Any CPU.Build.0 = Debug|Any CPU
		{082705F0-6EFD-406D-9682-FD497A6FCBBC}.Release|Any CPU.ActiveCfg = Release|Any CPU
		{082705F0-6EFD-406D-9682-FD497A6FCBBC}.Release|Any CPU.Build.0 = Release|Any CPU
		{5D4B7C25-40B7-4565-A8E6-F19F90E1829A}.Debug|Any CPU.ActiveCfg = Debug|Any CPU
		{5D4B7C25-40B7-4565-A8E6-F19F90E1829A}.Debug|Any CPU.Build.0 = Debug|Any CPU
		{5D4B7C25-40B7-4565-A8E6-F19F90E1829A}.Release|Any CPU.ActiveCfg = Release|Any CPU
		{5D4B7C25-40B7-4565-A8E6-F19F90E1829A}.Release|Any CPU.Build.0 = Release|Any CPU
		{DDA349D4-483D-4889-9515-895F54261516}.Debug|Any CPU.ActiveCfg = Debug|Any CPU
		{DDA349D4-483D-4889-9515-895F54261516}.Debug|Any CPU.Build.0 = Debug|Any CPU
		{DDA349D4-483D-4889-9515-895F54261516}.Release|Any CPU.ActiveCfg = Release|Any CPU
		{DDA349D4-483D-4889-9515-895F54261516}.Release|Any CPU.Build.0 = Release|Any CPU
		{7B1C1FB6-324E-4E17-B4C1-216E6AE1D5FA}.Debug|Any CPU.ActiveCfg = Debug|Any CPU
		{7B1C1FB6-324E-4E17-B4C1-216E6AE1D5FA}.Debug|Any CPU.Build.0 = Debug|Any CPU
		{7B1C1FB6-324E-4E17-B4C1-216E6AE1D5FA}.Release|Any CPU.ActiveCfg = Release|Any CPU
		{7B1C1FB6-324E-4E17-B4C1-216E6AE1D5FA}.Release|Any CPU.Build.0 = Release|Any CPU
	EndGlobalSection
	GlobalSection(SolutionProperties) = preSolution
		HideSolutionNode = FALSE
	EndGlobalSection
	GlobalSection(NestedProjects) = preSolution
		{082705F0-6EFD-406D-9682-FD497A6FCBBC} = {898F2281-BC27-4BA3-BE02-19A263FC0085}
		{5D4B7C25-40B7-4565-A8E6-F19F90E1829A} = {898F2281-BC27-4BA3-BE02-19A263FC0085}
		{DDA349D4-483D-4889-9515-895F54261516} = {898F2281-BC27-4BA3-BE02-19A263FC0085}
		{7B1C1FB6-324E-4E17-B4C1-216E6AE1D5FA} = {898F2281-BC27-4BA3-BE02-19A263FC0085}
		{FE77DDC4-9ABD-408F-8B8A-0CF55C22E835} = {898F2281-BC27-4BA3-BE02-19A263FC0085}
		{F26EF410-D52E-4A1D-BD4C-C74E0AB067AA} = {FE77DDC4-9ABD-408F-8B8A-0CF55C22E835}
		{6FEDCF03-AC46-4438-AB60-D819A162C1E2} = {F26EF410-D52E-4A1D-BD4C-C74E0AB067AA}
		{EC0713CF-33D9-4538-86D0-DD7FE27ECC8E} = {F26EF410-D52E-4A1D-BD4C-C74E0AB067AA}
		{70A106B5-96F6-4ACC-B5FF-A884880925BF} = {F26EF410-D52E-4A1D-BD4C-C74E0AB067AA}
		{13AEEF9B-6D83-4B44-B1F0-CA0DC671128A} = {70A106B5-96F6-4ACC-B5FF-A884880925BF}
		{89137A50-F5A9-4AEB-A070-92E031F579DD} = {13AEEF9B-6D83-4B44-B1F0-CA0DC671128A}
		{9C20C30E-639B-4DB1-B950-1F33E88F1EA4} = {13AEEF9B-6D83-4B44-B1F0-CA0DC671128A}
		{78EB9B0D-508B-40A5-83B2-A2E6E82FA80F} = {70A106B5-96F6-4ACC-B5FF-A884880925BF}
		{F47ED38E-872A-40AA-97F0-C31BE3CBC845} = {70A106B5-96F6-4ACC-B5FF-A884880925BF}
		{6CF8C6F6-D358-4FC8-80E6-CB9DDBE31402} = {70A106B5-96F6-4ACC-B5FF-A884880925BF}
		{DC277C21-086E-45C8-BDF3-438BF46921D6} = {F47ED38E-872A-40AA-97F0-C31BE3CBC845}
		{F88DBFD2-4E9C-4F6A-84B8-9D5CB6C1379F} = {F47ED38E-872A-40AA-97F0-C31BE3CBC845}
		{5F73A285-9434-43E7-867E-CA9D92EAFAE5} = {F47ED38E-872A-40AA-97F0-C31BE3CBC845}
		{A2D3AF80-1702-4E0C-88BC-1349A7EAB779} = {6CF8C6F6-D358-4FC8-80E6-CB9DDBE31402}
		{CD60CC42-B414-4BFB-AB40-2DE278856EB9} = {78EB9B0D-508B-40A5-83B2-A2E6E82FA80F}
		{685B5812-6FDF-4D99-B49E-124713500DA9} = {78EB9B0D-508B-40A5-83B2-A2E6E82FA80F}
		{C32BCEED-DFAB-499B-B03E-21D40716EC94} = {685B5812-6FDF-4D99-B49E-124713500DA9}
		{E4A0192E-EC35-4F4B-8911-E44610B54477} = {685B5812-6FDF-4D99-B49E-124713500DA9}
		{2F48F7C8-0D57-4DC6-BFB7-46849913B333} = {70A106B5-96F6-4ACC-B5FF-A884880925BF}
		{EDE7B333-85E0-4E9E-A1CB-8A489F5B8036} = {2F48F7C8-0D57-4DC6-BFB7-46849913B333}
		{35814E3F-EBF5-4A10-BF64-094B9C1B7EE3} = {2F48F7C8-0D57-4DC6-BFB7-46849913B333}
		{5B1F5031-4BF3-4F55-84D8-A7DD8A425B14} = {2F48F7C8-0D57-4DC6-BFB7-46849913B333}
		{6554DBB5-4BF3-4746-AB4D-70B84EA571FE} = {70A106B5-96F6-4ACC-B5FF-A884880925BF}
		{254990F5-86C7-4369-B06C-C91DECF8E4FC} = {6554DBB5-4BF3-4746-AB4D-70B84EA571FE}
	EndGlobalSection
	GlobalSection(ExtensibilityGlobals) = postSolution
		SolutionGuid = {280D25F1-A7B1-4434-AB65-F7118A1E88F9}
	EndGlobalSection
EndGlobal
