
Microsoft Visual Studio Solution File, Format Version 12.00
# Visual Studio Version 16
VisualStudioVersion = 16.0.29926.136
MinimumVisualStudioVersion = 10.0.40219.1
Project("{2150E333-8FDC-42A3-9474-1A3956D46DE8}") = "Magazine", "Magazine", "{898F2281-BC27-4BA3-BE02-19A263FC0085}"
EndProject
Project("{9A19103F-16F7-4668-BE54-9A1E7A4F7556}") = "Core", "Source\Core\Core.csproj", "{92A103B3-7CA6-4A15-B1A8-850469404181}"
EndProject
Project("{9A19103F-16F7-4668-BE54-9A1E7A4F7556}") = "Magazine.Domain", "Source\Magazine.Domain\Magazine.Domain.csproj", "{082705F0-6EFD-406D-9682-FD497A6FCBBC}"
EndProject
Project("{9A19103F-16F7-4668-BE54-9A1E7A4F7556}") = "Magazine.Infrastracture", "Source\Magazine.Infrastracture\Magazine.Infrastracture.csproj", "{5D4B7C25-40B7-4565-A8E6-F19F90E1829A}"
EndProject
Project("{9A19103F-16F7-4668-BE54-9A1E7A4F7556}") = "Magazine.Tests", "Source\Magazine.Tests\Magazine.Tests.csproj", "{DDA349D4-483D-4889-9515-895F54261516}"
EndProject
Project("{9A19103F-16F7-4668-BE54-9A1E7A4F7556}") = "Magazine.API", "Source\Magazine.API\Magazine.API.csproj", "{7B1C1FB6-324E-4E17-B4C1-216E6AE1D5FA}"
EndProject
Project("{2150E333-8FDC-42A3-9474-1A3956D46DE8}") = "Docker-Compose", "Docker-Compose", "{354F4809-8632-449C-B490-0A52E99D74B0}"
	ProjectSection(SolutionItems) = preProject
		docker-compose.yml = docker-compose.yml
	EndProjectSection
EndProject
Project("{2150E333-8FDC-42A3-9474-1A3956D46DE8}") = "Magazine.Web", "Magazine.Web", "{FE77DDC4-9ABD-408F-8B8A-0CF55C22E835}"
	ProjectSection(SolutionItems) = preProject
		Source\Magazine.Web\.editorconfig = Source\Magazine.Web\.editorconfig
		Source\Magazine.Web\.gitignore = Source\Magazine.Web\.gitignore
		Source\Magazine.Web\angular.json = Source\Magazine.Web\angular.json
		Source\Magazine.Web\browserslist = Source\Magazine.Web\browserslist
		Source\Magazine.Web\Dockerfile = Source\Magazine.Web\Dockerfile
		Source\Magazine.Web\nginx.conf = Source\Magazine.Web\nginx.conf
		Source\Magazine.Web\package-lock.json = Source\Magazine.Web\package-lock.json
		Source\Magazine.Web\package.json = Source\Magazine.Web\package.json
		Source\Magazine.Web\README.md = Source\Magazine.Web\README.md
		Source\Magazine.Web\tsconfig.json = Source\Magazine.Web\tsconfig.json
		Source\Magazine.Web\tslint.json = Source\Magazine.Web\tslint.json
	EndProjectSection
EndProject
Project("{2150E333-8FDC-42A3-9474-1A3956D46DE8}") = "wwwroot", "wwwroot", "{7FACFF21-2719-4FA1-96E6-85F60D70EC22}"
	ProjectSection(SolutionItems) = preProject
		Source\Magazine.Web\wwwroot\favicon.ico = Source\Magazine.Web\wwwroot\favicon.ico
	EndProjectSection
EndProject
Project("{2150E333-8FDC-42A3-9474-1A3956D46DE8}") = "src", "src", "{F26EF410-D52E-4A1D-BD4C-C74E0AB067AA}"
	ProjectSection(SolutionItems) = preProject
		Source\Magazine.Web\src\index.html = Source\Magazine.Web\src\index.html
		Source\Magazine.Web\src\karma.conf.js = Source\Magazine.Web\src\karma.conf.js
		Source\Magazine.Web\src\main.ts = Source\Magazine.Web\src\main.ts
		Source\Magazine.Web\src\polyfills.ts = Source\Magazine.Web\src\polyfills.ts
		Source\Magazine.Web\src\styles.less = Source\Magazine.Web\src\styles.less
		Source\Magazine.Web\src\test.ts = Source\Magazine.Web\src\test.ts
		Source\Magazine.Web\src\tsconfig.app.json = Source\Magazine.Web\src\tsconfig.app.json
		Source\Magazine.Web\src\tsconfig.server.json = Source\Magazine.Web\src\tsconfig.server.json
		Source\Magazine.Web\src\tsconfig.spec.json = Source\Magazine.Web\src\tsconfig.spec.json
		Source\Magazine.Web\src\tslint.json = Source\Magazine.Web\src\tslint.json
	EndProjectSection
EndProject
Project("{2150E333-8FDC-42A3-9474-1A3956D46DE8}") = "environments", "environments", "{6FEDCF03-AC46-4438-AB60-D819A162C1E2}"
	ProjectSection(SolutionItems) = preProject
		Source\Magazine.Web\src\environments\environment.development.ts = Source\Magazine.Web\src\environments\environment.development.ts
		Source\Magazine.Web\src\environments\environment.production.ts = Source\Magazine.Web\src\environments\environment.production.ts
		Source\Magazine.Web\src\environments\environment.ts = Source\Magazine.Web\src\environments\environment.ts
	EndProjectSection
EndProject
Project("{2150E333-8FDC-42A3-9474-1A3956D46DE8}") = "assets", "assets", "{EC0713CF-33D9-4538-86D0-DD7FE27ECC8E}"
	ProjectSection(SolutionItems) = preProject
		Source\Magazine.Web\src\assets\.gitkeep = Source\Magazine.Web\src\assets\.gitkeep
	EndProjectSection
EndProject
Project("{2150E333-8FDC-42A3-9474-1A3956D46DE8}") = "app", "app", "{70A106B5-96F6-4ACC-B5FF-A884880925BF}"
	ProjectSection(SolutionItems) = preProject
		Source\Magazine.Web\src\app\app.component.html = Source\Magazine.Web\src\app\app.component.html
		Source\Magazine.Web\src\app\app.component.ts = Source\Magazine.Web\src\app\app.component.ts
		Source\Magazine.Web\src\app\app.module.ts = Source\Magazine.Web\src\app\app.module.ts
	EndProjectSection
EndProject
Project("{2150E333-8FDC-42A3-9474-1A3956D46DE8}") = "services", "services", "{13AEEF9B-6D83-4B44-B1F0-CA0DC671128A}"
	ProjectSection(SolutionItems) = preProject
		Source\Magazine.Web\src\app\services\message-hub.service.ts = Source\Magazine.Web\src\app\services\message-hub.service.ts
	EndProjectSection
EndProject
Project("{2150E333-8FDC-42A3-9474-1A3956D46DE8}") = "comments", "comments", "{EF19E704-9415-4826-8158-0447AC351554}"
	ProjectSection(SolutionItems) = preProject
		Source\Magazine.Web\src\app\comments\comment.ts = Source\Magazine.Web\src\app\comments\comment.ts
	EndProjectSection
EndProject
Project("{2150E333-8FDC-42A3-9474-1A3956D46DE8}") = "articles", "articles", "{F90E8485-C034-48CB-A45E-AF4252BFCB57}"
	ProjectSection(SolutionItems) = preProject
		Source\Magazine.Web\src\app\articles\article.service.ts = Source\Magazine.Web\src\app\articles\article.service.ts
		Source\Magazine.Web\src\app\articles\article.ts = Source\Magazine.Web\src\app\articles\article.ts
	EndProjectSection
EndProject
Project("{2150E333-8FDC-42A3-9474-1A3956D46DE8}") = "article-list", "article-list", "{53801B82-E8F3-49D2-B165-DE95C1D4687E}"
	ProjectSection(SolutionItems) = preProject
		Source\Magazine.Web\src\app\articles\article-list\article-list.component.html = Source\Magazine.Web\src\app\articles\article-list\article-list.component.html
		Source\Magazine.Web\src\app\articles\article-list\article-list.component.less = Source\Magazine.Web\src\app\articles\article-list\article-list.component.less
		Source\Magazine.Web\src\app\articles\article-list\article-list.component.ts = Source\Magazine.Web\src\app\articles\article-list\article-list.component.ts
	EndProjectSection
EndProject
Project("{2150E333-8FDC-42A3-9474-1A3956D46DE8}") = "article-detail", "article-detail", "{F2630993-871A-4487-9995-A2E2F3CF3BC0}"
	ProjectSection(SolutionItems) = preProject
		Source\Magazine.Web\src\app\articles\article-detail\article-detail.component.html = Source\Magazine.Web\src\app\articles\article-detail\article-detail.component.html
		Source\Magazine.Web\src\app\articles\article-detail\article-detail.component.less = Source\Magazine.Web\src\app\articles\article-detail\article-detail.component.less
		Source\Magazine.Web\src\app\articles\article-detail\article-detail.component.ts = Source\Magazine.Web\src\app\articles\article-detail\article-detail.component.ts
	EndProjectSection
EndProject
Project("{2150E333-8FDC-42A3-9474-1A3956D46DE8}") = "accounts", "accounts", "{962B85A9-7FD8-4C09-B1E2-193CA98CE26F}"
	ProjectSection(SolutionItems) = preProject
		Source\Magazine.Web\src\app\accounts\account.ts = Source\Magazine.Web\src\app\accounts\account.ts
	EndProjectSection
EndProject
Global
	GlobalSection(SolutionConfigurationPlatforms) = preSolution
		Debug|Any CPU = Debug|Any CPU
		Release|Any CPU = Release|Any CPU
	EndGlobalSection
	GlobalSection(ProjectConfigurationPlatforms) = postSolution
		{92A103B3-7CA6-4A15-B1A8-850469404181}.Debug|Any CPU.ActiveCfg = Debug|Any CPU
		{92A103B3-7CA6-4A15-B1A8-850469404181}.Debug|Any CPU.Build.0 = Debug|Any CPU
		{92A103B3-7CA6-4A15-B1A8-850469404181}.Release|Any CPU.ActiveCfg = Release|Any CPU
		{92A103B3-7CA6-4A15-B1A8-850469404181}.Release|Any CPU.Build.0 = Release|Any CPU
		{082705F0-6EFD-406D-9682-FD497A6FCBBC}.Debug|Any CPU.ActiveCfg = Debug|Any CPU
		{082705F0-6EFD-406D-9682-FD497A6FCBBC}.Debug|Any CPU.Build.0 = Debug|Any CPU
		{082705F0-6EFD-406D-9682-FD497A6FCBBC}.Release|Any CPU.ActiveCfg = Release|Any CPU
		{082705F0-6EFD-406D-9682-FD497A6FCBBC}.Release|Any CPU.Build.0 = Release|Any CPU
		{5D4B7C25-40B7-4565-A8E6-F19F90E1829A}.Debug|Any CPU.ActiveCfg = Debug|Any CPU
		{5D4B7C25-40B7-4565-A8E6-F19F90E1829A}.Debug|Any CPU.Build.0 = Debug|Any CPU
		{5D4B7C25-40B7-4565-A8E6-F19F90E1829A}.Release|Any CPU.ActiveCfg = Release|Any CPU
		{5D4B7C25-40B7-4565-A8E6-F19F90E1829A}.Release|Any CPU.Build.0 = Release|Any CPU
		{DDA349D4-483D-4889-9515-895F54261516}.Debug|Any CPU.ActiveCfg = Debug|Any CPU
		{DDA349D4-483D-4889-9515-895F54261516}.Debug|Any CPU.Build.0 = Debug|Any CPU
		{DDA349D4-483D-4889-9515-895F54261516}.Release|Any CPU.ActiveCfg = Release|Any CPU
		{DDA349D4-483D-4889-9515-895F54261516}.Release|Any CPU.Build.0 = Release|Any CPU
		{7B1C1FB6-324E-4E17-B4C1-216E6AE1D5FA}.Debug|Any CPU.ActiveCfg = Debug|Any CPU
		{7B1C1FB6-324E-4E17-B4C1-216E6AE1D5FA}.Debug|Any CPU.Build.0 = Debug|Any CPU
		{7B1C1FB6-324E-4E17-B4C1-216E6AE1D5FA}.Release|Any CPU.ActiveCfg = Release|Any CPU
		{7B1C1FB6-324E-4E17-B4C1-216E6AE1D5FA}.Release|Any CPU.Build.0 = Release|Any CPU
	EndGlobalSection
	GlobalSection(SolutionProperties) = preSolution
		HideSolutionNode = FALSE
	EndGlobalSection
	GlobalSection(NestedProjects) = preSolution
		{082705F0-6EFD-406D-9682-FD497A6FCBBC} = {898F2281-BC27-4BA3-BE02-19A263FC0085}
		{5D4B7C25-40B7-4565-A8E6-F19F90E1829A} = {898F2281-BC27-4BA3-BE02-19A263FC0085}
		{DDA349D4-483D-4889-9515-895F54261516} = {898F2281-BC27-4BA3-BE02-19A263FC0085}
		{7B1C1FB6-324E-4E17-B4C1-216E6AE1D5FA} = {898F2281-BC27-4BA3-BE02-19A263FC0085}
		{FE77DDC4-9ABD-408F-8B8A-0CF55C22E835} = {898F2281-BC27-4BA3-BE02-19A263FC0085}
		{7FACFF21-2719-4FA1-96E6-85F60D70EC22} = {FE77DDC4-9ABD-408F-8B8A-0CF55C22E835}
		{F26EF410-D52E-4A1D-BD4C-C74E0AB067AA} = {FE77DDC4-9ABD-408F-8B8A-0CF55C22E835}
		{6FEDCF03-AC46-4438-AB60-D819A162C1E2} = {F26EF410-D52E-4A1D-BD4C-C74E0AB067AA}
		{EC0713CF-33D9-4538-86D0-DD7FE27ECC8E} = {F26EF410-D52E-4A1D-BD4C-C74E0AB067AA}
		{70A106B5-96F6-4ACC-B5FF-A884880925BF} = {F26EF410-D52E-4A1D-BD4C-C74E0AB067AA}
		{13AEEF9B-6D83-4B44-B1F0-CA0DC671128A} = {70A106B5-96F6-4ACC-B5FF-A884880925BF}
		{EF19E704-9415-4826-8158-0447AC351554} = {70A106B5-96F6-4ACC-B5FF-A884880925BF}
		{F90E8485-C034-48CB-A45E-AF4252BFCB57} = {70A106B5-96F6-4ACC-B5FF-A884880925BF}
		{53801B82-E8F3-49D2-B165-DE95C1D4687E} = {F90E8485-C034-48CB-A45E-AF4252BFCB57}
		{F2630993-871A-4487-9995-A2E2F3CF3BC0} = {F90E8485-C034-48CB-A45E-AF4252BFCB57}
		{962B85A9-7FD8-4C09-B1E2-193CA98CE26F} = {70A106B5-96F6-4ACC-B5FF-A884880925BF}
	EndGlobalSection
	GlobalSection(ExtensibilityGlobals) = postSolution
		SolutionGuid = {280D25F1-A7B1-4434-AB65-F7118A1E88F9}
	EndGlobalSection
EndGlobal
